github.com/CloudCannon/editable-regions v0.0.21 h1:4jybMJwK/EWsjmQsWyWLVG+4jCx6KVMg5E6oAtPSXK4=
github.com/CloudCannon/editable-regions v0.0.21/go.mod h1:bzUlQGHcjxMPVd3XGLKUME3Y1uMFiuLVi1qJtqOpQao=
github.com/nunocoracao/blowfish/v3 v3.8.0 h1:vPXz1wWN+sd0jZUwfEco96S1I66Sb5+pJgZwORjUX7s=
github.com/nunocoracao/blowfish/v3 v3.8.0/go.mod h1:8lJwR95VgcyWDhjKvUJMdOQXogrmhYSxkWh4ogSJfCg=
